
Microsoft Visual Studio Solution File, Format Version 12.00
# Visual Studio Version 17
VisualStudioVersion = 17.11.35303.130
MinimumVisualStudioVersion = 10.0.40219.1
Project("{FAE04EC0-301F-11D3-BF4B-00C04F79EFBC}") = "gitTaak1", "gitTaak1\gitTaak1.csproj", "{59CC59C7-84CF-4A8A-9271-63342152D710}"
EndProject
Global
	GlobalSection(SolutionConfigurationPlatforms) = preSolution
		Debug|Any CPU = Debug|Any CPU
		Release|Any CPU = Release|Any CPU
	EndGlobalSection
	GlobalSection(ProjectConfigurationPlatforms) = postSolution
		{59CC59C7-84CF-4A8A-9271-63342152D710}.Debug|Any CPU.ActiveCfg = Debug|Any CPU
		{59CC59C7-84CF-4A8A-9271-63342152D710}.Debug|Any CPU.Build.0 = Debug|Any CPU
		{59CC59C7-84CF-4A8A-9271-63342152D710}.Release|Any CPU.ActiveCfg = Release|Any CPU
		{59CC59C7-84CF-4A8A-9271-63342152D710}.Release|Any CPU.Build.0 = Release|Any CPU
	EndGlobalSection
	GlobalSection(SolutionProperties) = preSolution
		HideSolutionNode = FALSE
	EndGlobalSection
	GlobalSection(ExtensibilityGlobals) = postSolution
		SolutionGuid = {AAB6F5BE-CD25-4BF9-B938-083FE108E934}
	EndGlobalSection
EndGlobal
